version = 1
revision = 3
requires-python = ">=3.13"

[[package]]
name = "asgiref"
version = "3.11.0"
source = { registry = "https://pypi.org/simple" }
sdist = { url = "https://files.pythonhosted.org/packages/76/b9/4db2509eabd14b4a8c71d1b24c8d5734c52b8560a7b1e1a8b56c8d25568b/asgiref-3.11.0.tar.gz", hash = "sha256:13acff32519542a1736223fb79a715acdebe24286d98e8b164a73085f40da2c4", size = 37969, upload-time = "2025-11-19T15:32:20.106Z" }
wheels = [
    { url = "https://files.pythonhosted.org/packages/91/be/317c2c55b8bbec407257d45f5c8d1b6867abc76d12043f2d3d58c538a4ea/asgiref-3.11.0-py3-none-any.whl", hash = "sha256:1db9021efadb0d9512ce8ffaf72fcef601c7b73a8807a1bb2ef143dc6b14846d", size = 24096, upload-time = "2025-11-19T15:32:19.004Z" },
]

[[package]]
name = "colorama"
version = "0.4.6"
source = { registry = "https://pypi.org/simple" }
sdist = { url = "https://files.pythonhosted.org/packages/d8/53/6f443c9a4a8358a93a6792e2acffb9d9d5cb0a5cfd8802644b7b1c9a02e4/colorama-0.4.6.tar.gz", hash = "sha256:08695f5cb7ed6e0531a20572697297273c47b8cae5a63ffc6d6ed5c201be6e44", size = 27697, upload-time = "2022-10-25T02:36:22.414Z" }
wheels = [
    { url = "https://files.pythonhosted.org/packages/d1/d6/3965ed04c63042e047cb6a3e6ed1a63a35087b6a609aa3a15ed8ac56c221/colorama-0.4.6-py2.py3-none-any.whl", hash = "sha256:4f1d9991f5acc0ca119f9d443620b77f9d6b33703e51011c16baf57afb285fc6", size = 25335, upload-time = "2022-10-25T02:36:20.889Z" },
]

[[package]]
name = "django"
version = "6.0.1"
source = { registry = "https://pypi.org/simple" }
dependencies = [
    { name = "asgiref" },
    { name = "sqlparse" },
    { name = "tzdata", marker = "sys_platform == 'win32'" },
]
sdist = { url = "https://files.pythonhosted.org/packages/b5/9b/016f7e55e855ee738a352b05139d4f8b278d0b451bd01ebef07456ef3b0e/django-6.0.1.tar.gz", hash = "sha256:ed76a7af4da21551573b3d9dfc1f53e20dd2e6c7d70a3adc93eedb6338130a5f", size = 11069565, upload-time = "2026-01-06T18:55:53.069Z" }
wheels = [
    { url = "https://files.pythonhosted.org/packages/95/b5/814ed98bd21235c116fd3436a7ed44d47560329a6d694ec8aac2982dbb93/django-6.0.1-py3-none-any.whl", hash = "sha256:a92a4ff14f664a896f9849009cb8afaca7abe0d6fc53325f3d1895a15253433d", size = 8338791, upload-time = "2026-01-06T18:55:46.175Z" },
]

[[package]]
name = "iniconfig"
version = "2.3.0"
source = { registry = "https://pypi.org/simple" }
sdist = { url = "https://files.pythonhosted.org/packages/72/34/14ca021ce8e5dfedc35312d08ba8bf51fdd999c576889fc2c24cb97f4f10/iniconfig-2.3.0.tar.gz", hash = "sha256:c76315c77db068650d49c5b56314774a7804df16fee4402c1f19d6d15d8c4730", size = 20503, upload-time = "2025-10-18T21:55:43.219Z" }
wheels = [
    { url = "https://files.pythonhosted.org/packages/cb/b1/3846dd7f199d53cb17f49cba7e651e9ce294d8497c8c150530ed11865bb8/iniconfig-2.3.0-py3-none-any.whl", hash = "sha256:f631c04d2c48c52b84d0d0549c99ff3859c98df65b3101406327ecc7d53fbf12", size = 7484, upload-time = "2025-10-18T21:55:41.639Z" },
]

[[package]]
name = "packaging"
version = "26.0"
source = { registry = "https://pypi.org/simple" }
sdist = { url = "https://files.pythonhosted.org/packages/65/ee/299d360cdc32edc7d2cf530f3accf79c4fca01e96ffc950d8a52213bd8e4/packaging-26.0.tar.gz", hash = "sha256:00243ae351a257117b6a241061796684b084ed1c516a08c48a3f7e147a9d80b4", size = 143416, upload-time = "2026-01-21T20:50:39.064Z" }
wheels = [
    { url = "https://files.pythonhosted.org/packages/b7/b9/c538f279a4e237a006a2c98387d081e9eb060d203d8ed34467cc0f0b9b53/packaging-26.0-py3-none-any.whl", hash = "sha256:b36f1fef9334a5588b4166f8bcd26a14e521f2b55e6b9de3aaa80d3ff7a37529", size = 74366, upload-time = "2026-01-21T20:50:37.788Z" },
]

[[package]]
name = "pluggy"
version = "1.6.0"
source = { registry = "https://pypi.org/simple" }
sdist = { url = "https://files.pythonhosted.org/packages/f9/e2/3e91f31a7d2b083fe6ef3fa267035b518369d9511ffab804f839851d2779/pluggy-1.6.0.tar.gz", hash = "sha256:7dcc130b76258d33b90f61b658791dede3486c3e6bfb003ee5c9bfb396dd22f3", size = 69412, upload-time = "2025-05-15T12:30:07.975Z" }
wheels = [
    { url = "https://files.pythonhosted.org/packages/54/20/4d324d65cc6d9205fabedc306948156824eb9f0ee1633355a8f7ec5c66bf/pluggy-1.6.0-py3-none-any.whl", hash = "sha256:e920276dd6813095e9377c0bc5566d94c932c33b27a3e3945d8389c374dd4746", size = 20538, upload-time = "2025-05-15T12:30:06.134Z" },
]

[[package]]
name = "pygments"
version = "2.19.2"
source = { registry = "https://pypi.org/simple" }
sdist = { url = "https://files.pythonhosted.org/packages/b0/77/a5b8c569bf593b0140bde72ea885a803b82086995367bf2037de0159d924/pygments-2.19.2.tar.gz", hash = "sha256:636cb2477cec7f8952536970bc533bc43743542f70392ae026374600add5b887", size = 4968631, upload-time = "2025-06-21T13:39:12.283Z" }
wheels = [
    { url = "https://files.pythonhosted.org/packages/c7/21/705964c7812476f378728bdf590ca4b771ec72385c533964653c68e86bdc/pygments-2.19.2-py3-none-any.whl", hash = "sha256:86540386c03d588bb81d44bc3928634ff26449851e99741617ecb9037ee5ec0b", size = 1225217, upload-time = "2025-06-21T13:39:07.939Z" },
]

[[package]]
name = "pytest"
version = "9.0.2"
source = { registry = "https://pypi.org/simple" }
dependencies = [
    { name = "colorama", marker = "sys_platform == 'win32'" },
    { name = "iniconfig" },
    { name = "packaging" },
    { name = "pluggy" },
    { name = "pygments" },
]
sdist = { url = "https://files.pythonhosted.org/packages/d1/db/7ef3487e0fb0049ddb5ce41d3a49c235bf9ad299b6a25d5780a89f19230f/pytest-9.0.2.tar.gz", hash = "sha256:75186651a92bd89611d1d9fc20f0b4345fd827c41ccd5c299a868a05d70edf11", size = 1568901, upload-time = "2025-12-06T21:30:51.014Z" }
wheels = [
    { url = "https://files.pythonhosted.org/packages/3b/ab/b3226f0bd7cdcf710fbede2b3548584366da3b19b5021e74f5bde2a8fa3f/pytest-9.0.2-py3-none-any.whl", hash = "sha256:711ffd45bf766d5264d487b917733b453d917afd2b0ad65223959f59089f875b", size = 374801, upload-time = "2025-12-06T21:30:49.154Z" },
]

[[package]]
name = "sqlparse"
version = "0.5.5"
source = { registry = "https://pypi.org/simple" }
sdist = { url = "https://files.pythonhosted.org/packages/90/76/437d71068094df0726366574cf3432a4ed754217b436eb7429415cf2d480/sqlparse-0.5.5.tar.gz", hash = "sha256:e20d4a9b0b8585fdf63b10d30066c7c94c5d7a7ec47c889a2d83a3caa93ff28e", size = 120815, upload-time = "2025-12-19T07:17:45.073Z" }
wheels = [
    { url = "https://files.pythonhosted.org/packages/49/4b/359f28a903c13438ef59ebeee215fb25da53066db67b305c125f1c6d2a25/sqlparse-0.5.5-py3-none-any.whl", hash = "sha256:12a08b3bf3eec877c519589833aed092e2444e68240a3577e8e26148acc7b1ba", size = 46138, upload-time = "2025-12-19T07:17:46.573Z" },
]

[[package]]
name = "ty"
version = "0.0.13"
source = { registry = "https://pypi.org/simple" }
sdist = { url = "https://files.pythonhosted.org/packages/5a/dc/b607f00916f5a7c52860b84a66dc17bc6988e8445e96b1d6e175a3837397/ty-0.0.13.tar.gz", hash = "sha256:7a1d135a400ca076407ea30012d1f75419634160ed3b9cad96607bf2956b23b3", size = 4999183, upload-time = "2026-01-21T13:21:16.133Z" }
wheels = [
    { url = "https://files.pythonhosted.org/packages/1a/df/3632f1918f4c0a33184f107efc5d436ab6da147fd3d3b94b3af6461efbf4/ty-0.0.13-py3-none-linux_armv6l.whl", hash = "sha256:1b2b8e02697c3a94c722957d712a0615bcc317c9b9497be116ef746615d892f2", size = 9993501, upload-time = "2026-01-21T13:21:26.628Z" },
    { url = "https://files.pythonhosted.org/packages/92/87/6a473ced5ac280c6ce5b1627c71a8a695c64481b99aabc798718376a441e/ty-0.0.13-py3-none-macosx_10_12_x86_64.whl", hash = "sha256:f15cdb8e233e2b5adfce673bb21f4c5e8eaf3334842f7eea3c70ac6fda8c1de5", size = 9860986, upload-time = "2026-01-21T13:21:24.425Z" },
    { url = "https://files.pythonhosted.org/packages/5d/9b/d89ae375cf0a7cd9360e1164ce017f8c753759be63b6a11ed4c944abe8c6/ty-0.0.13-py3-none-macosx_11_0_arm64.whl", hash = "sha256:0819e89ac9f0d8af7a062837ce197f0461fee2fc14fd07e2c368780d3a397b73", size = 9350748, upload-time = "2026-01-21T13:21:28.502Z" },
    { url = "https://files.pythonhosted.org/packages/a8/a6/9ad58518056fab344b20c0bb2c1911936ebe195318e8acc3bc45ac1c6b6b/ty-0.0.13-py3-none-manylinux_2_17_aarch64.manylinux2014_aarch64.whl", hash = "sha256:1de79f481084b7cc7a202ba0d7a75e10970d10ffa4f025b23f2e6b7324b74886", size = 9849884, upload-time = "2026-01-21T13:21:21.886Z" },
    { url = "https://files.pythonhosted.org/packages/b1/c3/8add69095fa179f523d9e9afcc15a00818af0a37f2b237a9b59bc0046c34/ty-0.0.13-py3-none-manylinux_2_17_armv7l.manylinux2014_armv7l.whl", hash = "sha256:4fb2154cff7c6e95d46bfaba283c60642616f20d73e5f96d0c89c269f3e1bcec", size = 9822975, upload-time = "2026-01-21T13:21:14.292Z" },
    { url = "https://files.pythonhosted.org/packages/a4/05/4c0927c68a0a6d43fb02f3f0b6c19c64e3461dc8ed6c404dde0efb8058f7/ty-0.0.13-py3-none-manylinux_2_17_i686.manylinux2014_i686.whl", hash = "sha256:00be58d89337c27968a20d58ca553458608c5b634170e2bec82824c2e4cf4d96", size = 10294045, upload-time = "2026-01-21T13:21:30.505Z" },
    { url = "https://files.pythonhosted.org/packages/b4/86/6dc190838aba967557fe0bfd494c595d00b5081315a98aaf60c0e632aaeb/ty-0.0.13-py3-none-manylinux_2_17_ppc64le.manylinux2014_ppc64le.whl", hash = "sha256:72435eade1fa58c6218abb4340f43a6c3ff856ae2dc5722a247d3a6dd32e9737", size = 10916460, upload-time = "2026-01-21T13:21:07.788Z" },
    { url = "https://files.pythonhosted.org/packages/04/40/9ead96b7c122e1109dfcd11671184c3506996bf6a649306ec427e81d9544/ty-0.0.13-py3-none-manylinux_2_17_s390x.manylinux2014_s390x.whl", hash = "sha256:77a548742ee8f621d718159e7027c3b555051d096a49bb580249a6c5fc86c271", size = 10597154, upload-time = "2026-01-21T13:21:18.064Z" },
    { url = "https://files.pythonhosted.org/packages/aa/7d/e832a2c081d2be845dc6972d0c7998914d168ccbc0b9c86794419ab7376e/ty-0.0.13-py3-none-manylinux_2_17_x86_64.manylinux2014_x86_64.whl", hash = "sha256:da067c57c289b7cf914669704b552b6207c2cc7f50da4118c3e12388642e6b3f", size = 10410710, upload-time = "2026-01-21T13:21:12.388Z" },
    { url = "https://files.pythonhosted.org/packages/31/e3/898be3a96237a32f05c4c29b43594dc3b46e0eedfe8243058e46153b324f/ty-0.0.13-py3-none-musllinux_1_2_aarch64.whl", hash = "sha256:d1b50a01fffa140417fca5a24b658fbe0734074a095d5b6f0552484724474343", size = 9826299, upload-time = "2026-01-21T13:21:00.845Z" },
    { url = "https://files.pythonhosted.org/packages/bb/eb/db2d852ce0ed742505ff18ee10d7d252f3acfd6fc60eca7e9c7a0288a6d8/ty-0.0.13-py3-none-musllinux_1_2_armv7l.whl", hash = "sha256:0f33c46f52e5e9378378eca0d8059f026f3c8073ace02f7f2e8d079ddfe5207e", size = 9831610, upload-time = "2026-01-21T13:21:05.842Z" },
    { url = "https://files.pythonhosted.org/packages/9e/61/149f59c8abaddcbcbb0bd13b89c7741ae1c637823c5cf92ed2c644fcadef/ty-0.0.13-py3-none-musllinux_1_2_i686.whl", hash = "sha256:168eda24d9a0b202cf3758c2962cc295878842042b7eca9ed2965259f59ce9f2", size = 9978885, upload-time = "2026-01-21T13:21:10.306Z" },
    { url = "https://files.pythonhosted.org/packages/a0/cd/026d4e4af60a80918a8d73d2c42b8262dd43ab2fa7b28d9743004cb88d57/ty-0.0.13-py3-none-musllinux_1_2_x86_64.whl", hash = "sha256:d4917678b95dc8cb399cc459fab568ba8d5f0f33b7a94bf840d9733043c43f29", size = 10506453, upload-time = "2026-01-21T13:20:56.633Z" },
    { url = "https://files.pythonhosted.org/packages/63/06/8932833a4eca2df49c997a29afb26721612de8078ae79074c8fe87e17516/ty-0.0.13-py3-none-win32.whl", hash = "sha256:c1f2ec40daa405508b053e5b8e440fbae5fdb85c69c9ab0ee078f8bc00eeec3d", size = 9433482, upload-time = "2026-01-21T13:20:58.717Z" },
    { url = "https://files.pythonhosted.org/packages/aa/fd/e8d972d1a69df25c2cecb20ea50e49ad5f27a06f55f1f5f399a563e71645/ty-0.0.13-py3-none-win_amd64.whl", hash = "sha256:8b7b1ab9f187affbceff89d51076038363b14113be29bda2ddfa17116de1d476", size = 10319156, upload-time = "2026-01-21T13:21:03.266Z" },
    { url = "https://files.pythonhosted.org/packages/2d/c2/05fdd64ac003a560d4fbd1faa7d9a31d75df8f901675e5bed1ee2ceeff87/ty-0.0.13-py3-none-win_arm64.whl", hash = "sha256:1c9630333497c77bb9bcabba42971b96ee1f36c601dd3dcac66b4134f9fa38f0", size = 9808316, upload-time = "2026-01-21T13:20:54.053Z" },
]

[[package]]
name = "tzdata"
version = "2025.3"
source = { registry = "https://pypi.org/simple" }
sdist = { url = "https://files.pythonhosted.org/packages/5e/a7/c202b344c5ca7daf398f3b8a477eeb205cf3b6f32e7ec3a6bac0629ca975/tzdata-2025.3.tar.gz", hash = "sha256:de39c2ca5dc7b0344f2eba86f49d614019d29f060fc4ebc8a417896a620b56a7", size = 196772, upload-time = "2025-12-13T17:45:35.667Z" }
wheels = [
    { url = "https://files.pythonhosted.org/packages/c7/b0/003792df09decd6849a5e39c28b513c06e84436a54440380862b5aeff25d/tzdata-2025.3-py2.py3-none-any.whl", hash = "sha256:06a47e5700f3081aab02b2e513160914ff0694bce9947d6b76ebd6bf57cfc5d1", size = 348521, upload-time = "2025-12-13T17:45:33.889Z" },
]

[[package]]
name = "yorimichi-map-backend"
version = "0.1.0"
source = { virtual = "." }
dependencies = [
    { name = "django" },
]

[package.dev-dependencies]
dev = [
    { name = "pytest" },
    { name = "ty" },
]

[package.metadata]
requires-dist = [{ name = "django", specifier = ">=6.0.1" }]

[package.metadata.requires-dev]
dev = [
    { name = "pytest", specifier = ">=9.0.2" },
    { name = "ty", specifier = ">=0.0.13" },
]
