name: "Update Flake Lock"

on:
  workflow_dispatch:
  schedule:
    - cron: "0 15 * * 5"

permissions:
  contents: write
  pull-requests: write

jobs:
  update-flake-lock:
    uses: gawakawa/.github/.github/workflows/update-flake-lock.yml@main
    with:
      auto-merge: true
    secrets:
      GH_TOKEN: ${{ secrets.GH_TOKEN }}
